
Microsoft Visual Studio Solution File, Format Version 11.00
# Visual Studio 2010
Project("{FAE04EC0-301F-11D3-BF4B-00C04F79EFBC}") = "PropertyEditor", "PropertyEditor\PropertyEditor.csproj", "{D0328F74-E607-41A8-87EE-2A1805883B8C}"
EndProject
Project("{FAE04EC0-301F-11D3-BF4B-00C04F79EFBC}") = "PropertyEditor.Tests", "PropertyEditor.Tests\PropertyEditor.Tests.csproj", "{2897CA3A-4276-42F1-A87F-D2761B9B5C65}"
EndProject
Global
	GlobalSection(SolutionConfigurationPlatforms) = preSolution
		Debug|Any CPU = Debug|Any CPU
		Release|Any CPU = Release|Any CPU
	EndGlobalSection
	GlobalSection(ProjectConfigurationPlatforms) = postSolution
		{D0328F74-E607-41A8-87EE-2A1805883B8C}.Debug|Any CPU.ActiveCfg = Debug|Any CPU
		{D0328F74-E607-41A8-87EE-2A1805883B8C}.Debug|Any CPU.Build.0 = Debug|Any CPU
		{D0328F74-E607-41A8-87EE-2A1805883B8C}.Release|Any CPU.ActiveCfg = Release|Any CPU
		{D0328F74-E607-41A8-87EE-2A1805883B8C}.Release|Any CPU.Build.0 = Release|Any CPU
		{2897CA3A-4276-42F1-A87F-D2761B9B5C65}.Debug|Any CPU.ActiveCfg = Debug|Any CPU
		{2897CA3A-4276-42F1-A87F-D2761B9B5C65}.Debug|Any CPU.Build.0 = Debug|Any CPU
		{2897CA3A-4276-42F1-A87F-D2761B9B5C65}.Release|Any CPU.ActiveCfg = Release|Any CPU
		{2897CA3A-4276-42F1-A87F-D2761B9B5C65}.Release|Any CPU.Build.0 = Release|Any CPU
	EndGlobalSection
	GlobalSection(SolutionProperties) = preSolution
		HideSolutionNode = FALSE
	EndGlobalSection
EndGlobal
